
Microsoft Visual Studio Solution File, Format Version 12.00
# Visual Studio Version 16
VisualStudioVersion = 16.0.31410.357
MinimumVisualStudioVersion = 10.0.40219.1
Project("{FAE04EC0-301F-11D3-BF4B-00C04F79EFBC}") = "TaxiTour", "TaxiTour\TaxiTour.csproj", "{71A638C1-3A1A-4607-AB3E-B77527EFBFD2}"
EndProject
Global
	GlobalSection(SolutionConfigurationPlatforms) = preSolution
		Debug|Any CPU = Debug|Any CPU
		Release|Any CPU = Release|Any CPU
	EndGlobalSection
	GlobalSection(ProjectConfigurationPlatforms) = postSolution
		{71A638C1-3A1A-4607-AB3E-B77527EFBFD2}.Debug|Any CPU.ActiveCfg = Debug|Any CPU
		{71A638C1-3A1A-4607-AB3E-B77527EFBFD2}.Debug|Any CPU.Build.0 = Debug|Any CPU
		{71A638C1-3A1A-4607-AB3E-B77527EFBFD2}.Release|Any CPU.ActiveCfg = Release|Any CPU
		{71A638C1-3A1A-4607-AB3E-B77527EFBFD2}.Release|Any CPU.Build.0 = Release|Any CPU
	EndGlobalSection
	GlobalSection(SolutionProperties) = preSolution
		HideSolutionNode = FALSE
	EndGlobalSection
	GlobalSection(ExtensibilityGlobals) = postSolution
		SolutionGuid = {3FAE67FF-B12F-4817-A59D-20E1DC4CFA54}
	EndGlobalSection
EndGlobal
